
Microsoft Visual Studio Solution File, Format Version 12.00
# Visual Studio Version 17
VisualStudioVersion = 17.14.36518.9 d17.14
MinimumVisualStudioVersion = 10.0.40219.1
Project("{FAE04EC0-301F-11D3-BF4B-00C04F79EFBC}") = "Practica13_Sueldo", "Practica13_Sueldo.csproj", "{C5D295FB-69D3-4524-B168-1A82F7E8D6B1}"
EndProject
Global
	GlobalSection(SolutionConfigurationPlatforms) = preSolution
		Debug|Any CPU = Debug|Any CPU
		Release|Any CPU = Release|Any CPU
	EndGlobalSection
	GlobalSection(ProjectConfigurationPlatforms) = postSolution
		{C5D295FB-69D3-4524-B168-1A82F7E8D6B1}.Debug|Any CPU.ActiveCfg = Debug|Any CPU
		{C5D295FB-69D3-4524-B168-1A82F7E8D6B1}.Debug|Any CPU.Build.0 = Debug|Any CPU
		{C5D295FB-69D3-4524-B168-1A82F7E8D6B1}.Release|Any CPU.ActiveCfg = Release|Any CPU
		{C5D295FB-69D3-4524-B168-1A82F7E8D6B1}.Release|Any CPU.Build.0 = Release|Any CPU
	EndGlobalSection
	GlobalSection(SolutionProperties) = preSolution
		HideSolutionNode = FALSE
	EndGlobalSection
	GlobalSection(ExtensibilityGlobals) = postSolution
		SolutionGuid = {94355F2D-5728-4908-80D8-F3EE42814E3F}
	EndGlobalSection
EndGlobal
