
Microsoft Visual Studio Solution File, Format Version 12.00
# Visual Studio Version 17
VisualStudioVersion = 17.14.36518.9 d17.14
MinimumVisualStudioVersion = 10.0.40219.1
Project("{FAE04EC0-301F-11D3-BF4B-00C04F79EFBC}") = "Practica20_ClasificacionEdad", "Practica20_ClasificacionEdad.csproj", "{086DC5B4-81CD-4B76-B5A6-58E06EE72966}"
EndProject
Global
	GlobalSection(SolutionConfigurationPlatforms) = preSolution
		Debug|Any CPU = Debug|Any CPU
		Release|Any CPU = Release|Any CPU
	EndGlobalSection
	GlobalSection(ProjectConfigurationPlatforms) = postSolution
		{086DC5B4-81CD-4B76-B5A6-58E06EE72966}.Debug|Any CPU.ActiveCfg = Debug|Any CPU
		{086DC5B4-81CD-4B76-B5A6-58E06EE72966}.Debug|Any CPU.Build.0 = Debug|Any CPU
		{086DC5B4-81CD-4B76-B5A6-58E06EE72966}.Release|Any CPU.ActiveCfg = Release|Any CPU
		{086DC5B4-81CD-4B76-B5A6-58E06EE72966}.Release|Any CPU.Build.0 = Release|Any CPU
	EndGlobalSection
	GlobalSection(SolutionProperties) = preSolution
		HideSolutionNode = FALSE
	EndGlobalSection
	GlobalSection(ExtensibilityGlobals) = postSolution
		SolutionGuid = {0C0682C3-635E-473D-8B7A-2089E0430BD3}
	EndGlobalSection
EndGlobal
