
Microsoft Visual Studio Solution File, Format Version 12.00
# Visual Studio Version 17
VisualStudioVersion = 17.14.36518.9 d17.14
MinimumVisualStudioVersion = 10.0.40219.1
Project("{FAE04EC0-301F-11D3-BF4B-00C04F79EFBC}") = "Practica12_Calificacion", "Practica12_Calificacion.csproj", "{82E5297E-1DCF-4D3E-B333-DD5DAF415885}"
EndProject
Global
	GlobalSection(SolutionConfigurationPlatforms) = preSolution
		Debug|Any CPU = Debug|Any CPU
		Release|Any CPU = Release|Any CPU
	EndGlobalSection
	GlobalSection(ProjectConfigurationPlatforms) = postSolution
		{82E5297E-1DCF-4D3E-B333-DD5DAF415885}.Debug|Any CPU.ActiveCfg = Debug|Any CPU
		{82E5297E-1DCF-4D3E-B333-DD5DAF415885}.Debug|Any CPU.Build.0 = Debug|Any CPU
		{82E5297E-1DCF-4D3E-B333-DD5DAF415885}.Release|Any CPU.ActiveCfg = Release|Any CPU
		{82E5297E-1DCF-4D3E-B333-DD5DAF415885}.Release|Any CPU.Build.0 = Release|Any CPU
	EndGlobalSection
	GlobalSection(SolutionProperties) = preSolution
		HideSolutionNode = FALSE
	EndGlobalSection
	GlobalSection(ExtensibilityGlobals) = postSolution
		SolutionGuid = {1B1CE6B2-E96F-49D8-BC65-BF21475D8092}
	EndGlobalSection
EndGlobal
