
Microsoft Visual Studio Solution File, Format Version 12.00
# Visual Studio Version 17
VisualStudioVersion = 17.14.36518.9 d17.14
MinimumVisualStudioVersion = 10.0.40219.1
Project("{FAE04EC0-301F-11D3-BF4B-00C04F79EFBC}") = "Practica17_OrdenarNumeros", "Practica17_OrdenarNumeros.csproj", "{275C912A-6DAD-4F07-92D5-872CFAB528BB}"
EndProject
Global
	GlobalSection(SolutionConfigurationPlatforms) = preSolution
		Debug|Any CPU = Debug|Any CPU
		Release|Any CPU = Release|Any CPU
	EndGlobalSection
	GlobalSection(ProjectConfigurationPlatforms) = postSolution
		{275C912A-6DAD-4F07-92D5-872CFAB528BB}.Debug|Any CPU.ActiveCfg = Debug|Any CPU
		{275C912A-6DAD-4F07-92D5-872CFAB528BB}.Debug|Any CPU.Build.0 = Debug|Any CPU
		{275C912A-6DAD-4F07-92D5-872CFAB528BB}.Release|Any CPU.ActiveCfg = Release|Any CPU
		{275C912A-6DAD-4F07-92D5-872CFAB528BB}.Release|Any CPU.Build.0 = Release|Any CPU
	EndGlobalSection
	GlobalSection(SolutionProperties) = preSolution
		HideSolutionNode = FALSE
	EndGlobalSection
	GlobalSection(ExtensibilityGlobals) = postSolution
		SolutionGuid = {C4C1AB71-155A-4102-8CEA-95461E0747D4}
	EndGlobalSection
EndGlobal
